{
  "name": "@web-udp/server",
  "version": "3.0.3",
  "lockfileVersion": 1,
  "requires": true,
  "dependencies": {
    "async-limiter": {
      "version": "1.0.0",
      "resolved": "https://registry.npmjs.org/async-limiter/-/async-limiter-1.0.0.tgz",
      "integrity": "sha512-jp/uFnooOiO+L211eZOoSyzpOITMXx1rBITauYykG3BRYPu8h0UcxsPNB04RR5vo4Tyz3+ay17tR6JVf9qzYWg=="
    },
    "nanoid": {
      "version": "2.0.3",
      "resolved": "https://registry.npmjs.org/nanoid/-/nanoid-2.0.3.tgz",
      "integrity": "sha512-NbaoqdhIYmY6FXDRB4eYtDVC9Z9eCbn8TyaiC16LNKtpPv/aqa0tOPD8y6gNE4yUNnaZ7LLhYtXOev/6+cBtfw=="
    },
    "shortid": {
      "version": "2.2.14",
      "resolved": "https://registry.npmjs.org/shortid/-/shortid-2.2.14.tgz",
      "integrity": "sha512-4UnZgr9gDdA1kaKj/38IiudfC3KHKhDc1zi/HSxd9FQDR0VLwH3/y79tZJLsVYPsJgIjeHjqIWaWVRJUj9qZOQ==",
      "requires": {
        "nanoid": "^2.0.0"
      }
    },
    "ws": {
      "version": "7.0.1",
      "resolved": "https://registry.npmjs.org/ws/-/ws-7.0.1.tgz",
      "integrity": "sha512-ILHfMbuqLJvnSgYXLgy4kMntroJpe8hT41dOVWM8bxRuw6TK4mgMp9VJUNsZTEc5Bh+Mbs0DJT4M0N+wBG9l9A==",
      "requires": {
        "async-limiter": "^1.0.0"
      }
    }
  }
}
